
Microsoft Visual Studio Solution File, Format Version 12.00
# Visual Studio Version 17
VisualStudioVersion = 17.11.35222.181
MinimumVisualStudioVersion = 10.0.40219.1
Project("{FAE04EC0-301F-11D3-BF4B-00C04F79EFBC}") = "Calculator", "Calculator.csproj", "{8C972264-0F39-42C9-877A-A575CF34F764}"
EndProject
Global
	GlobalSection(SolutionConfigurationPlatforms) = preSolution
		Debug|Any CPU = Debug|Any CPU
		Release|Any CPU = Release|Any CPU
	EndGlobalSection
	GlobalSection(ProjectConfigurationPlatforms) = postSolution
		{8C972264-0F39-42C9-877A-A575CF34F764}.Debug|Any CPU.ActiveCfg = Debug|Any CPU
		{8C972264-0F39-42C9-877A-A575CF34F764}.Debug|Any CPU.Build.0 = Debug|Any CPU
		{8C972264-0F39-42C9-877A-A575CF34F764}.Release|Any CPU.ActiveCfg = Release|Any CPU
		{8C972264-0F39-42C9-877A-A575CF34F764}.Release|Any CPU.Build.0 = Release|Any CPU
	EndGlobalSection
	GlobalSection(SolutionProperties) = preSolution
		HideSolutionNode = FALSE
	EndGlobalSection
	GlobalSection(ExtensibilityGlobals) = postSolution
		SolutionGuid = {7A6345A4-C9B8-464A-A9E0-0DC5D6307EC7}
	EndGlobalSection
EndGlobal
